
Microsoft Visual Studio Solution File, Format Version 12.00
# Visual Studio Version 17
VisualStudioVersion = 17.6.33801.468
MinimumVisualStudioVersion = 10.0.40219.1
Project("{FAE04EC0-301F-11D3-BF4B-00C04F79EFBC}") = "Core_Istat", "Core_Istat\Core_Istat.csproj", "{5B308D6F-0C5E-4121-B3A3-D225ADC46791}"
EndProject
Global
	GlobalSection(SolutionConfigurationPlatforms) = preSolution
		Debug|Any CPU = Debug|Any CPU
		Release|Any CPU = Release|Any CPU
	EndGlobalSection
	GlobalSection(ProjectConfigurationPlatforms) = postSolution
		{5B308D6F-0C5E-4121-B3A3-D225ADC46791}.Debug|Any CPU.ActiveCfg = Debug|Any CPU
		{5B308D6F-0C5E-4121-B3A3-D225ADC46791}.Debug|Any CPU.Build.0 = Debug|Any CPU
		{5B308D6F-0C5E-4121-B3A3-D225ADC46791}.Release|Any CPU.ActiveCfg = Release|Any CPU
		{5B308D6F-0C5E-4121-B3A3-D225ADC46791}.Release|Any CPU.Build.0 = Release|Any CPU
	EndGlobalSection
	GlobalSection(SolutionProperties) = preSolution
		HideSolutionNode = FALSE
	EndGlobalSection
	GlobalSection(ExtensibilityGlobals) = postSolution
		SolutionGuid = {B5DFD1E7-EE33-4F12-AAA8-F9020406686F}
	EndGlobalSection
EndGlobal
